
Microsoft Visual Studio Solution File, Format Version 12.00
# Visual Studio Version 17
VisualStudioVersion = 17.8.34511.84
MinimumVisualStudioVersion = 10.0.40219.1
Project("{2150E333-8FDC-42A3-9474-1A3956D46DE8}") = "services", "services", "{6D4B6290-E31E-43D9-9095-45DB8754D371}"
EndProject
Project("{9A19103F-16F7-4668-BE54-9A1E7A4F7556}") = "TaskMicroservice", "TaskMicroservice\TaskMicroservice.csproj", "{D185113E-B8F2-4944-AB76-FFB033EDA56E}"
EndProject
Project("{FAE04EC0-301F-11D3-BF4B-00C04F79EFBC}") = "UserSerives", "UserSerives\UserSerives.csproj", "{0738C495-CB0E-4067-87C5-3F14D40FBC30}"
EndProject
Global
	GlobalSection(SolutionConfigurationPlatforms) = preSolution
		Debug|Any CPU = Debug|Any CPU
		Release|Any CPU = Release|Any CPU
	EndGlobalSection
	GlobalSection(ProjectConfigurationPlatforms) = postSolution
		{D185113E-B8F2-4944-AB76-FFB033EDA56E}.Debug|Any CPU.ActiveCfg = Debug|Any CPU
		{D185113E-B8F2-4944-AB76-FFB033EDA56E}.Debug|Any CPU.Build.0 = Debug|Any CPU
		{D185113E-B8F2-4944-AB76-FFB033EDA56E}.Release|Any CPU.ActiveCfg = Release|Any CPU
		{D185113E-B8F2-4944-AB76-FFB033EDA56E}.Release|Any CPU.Build.0 = Release|Any CPU
		{0738C495-CB0E-4067-87C5-3F14D40FBC30}.Debug|Any CPU.ActiveCfg = Debug|Any CPU
		{0738C495-CB0E-4067-87C5-3F14D40FBC30}.Debug|Any CPU.Build.0 = Debug|Any CPU
		{0738C495-CB0E-4067-87C5-3F14D40FBC30}.Release|Any CPU.ActiveCfg = Release|Any CPU
		{0738C495-CB0E-4067-87C5-3F14D40FBC30}.Release|Any CPU.Build.0 = Release|Any CPU
	EndGlobalSection
	GlobalSection(SolutionProperties) = preSolution
		HideSolutionNode = FALSE
	EndGlobalSection
	GlobalSection(NestedProjects) = preSolution
		{D185113E-B8F2-4944-AB76-FFB033EDA56E} = {6D4B6290-E31E-43D9-9095-45DB8754D371}
		{0738C495-CB0E-4067-87C5-3F14D40FBC30} = {6D4B6290-E31E-43D9-9095-45DB8754D371}
	EndGlobalSection
	GlobalSection(ExtensibilityGlobals) = postSolution
		SolutionGuid = {B85BCEBB-109F-4183-837E-A6C481E91F0B}
	EndGlobalSection
EndGlobal
